
Microsoft Visual Studio Solution File, Format Version 12.00
# Visual Studio Version 16
VisualStudioVersion = 16.0.30711.63
MinimumVisualStudioVersion = 10.0.40219.1
Project("{FAE04EC0-301F-11D3-BF4B-00C04F79EFBC}") = "comte bancaire", "comte bancaire\comte bancaire.csproj", "{46A42728-C7DF-4E40-A9CF-DC8ECBF9D5F7}"
EndProject
Global
	GlobalSection(SolutionConfigurationPlatforms) = preSolution
		Debug|Any CPU = Debug|Any CPU
		Release|Any CPU = Release|Any CPU
	EndGlobalSection
	GlobalSection(ProjectConfigurationPlatforms) = postSolution
		{46A42728-C7DF-4E40-A9CF-DC8ECBF9D5F7}.Debug|Any CPU.ActiveCfg = Debug|Any CPU
		{46A42728-C7DF-4E40-A9CF-DC8ECBF9D5F7}.Debug|Any CPU.Build.0 = Debug|Any CPU
		{46A42728-C7DF-4E40-A9CF-DC8ECBF9D5F7}.Release|Any CPU.ActiveCfg = Release|Any CPU
		{46A42728-C7DF-4E40-A9CF-DC8ECBF9D5F7}.Release|Any CPU.Build.0 = Release|Any CPU
	EndGlobalSection
	GlobalSection(SolutionProperties) = preSolution
		HideSolutionNode = FALSE
	EndGlobalSection
	GlobalSection(ExtensibilityGlobals) = postSolution
		SolutionGuid = {02A1CFD8-A9BF-4649-89BC-579F1903C21A}
	EndGlobalSection
EndGlobal
